
Microsoft Visual Studio Solution File, Format Version 12.00
# Visual Studio Version 17
VisualStudioVersion = 17.7.34221.43
MinimumVisualStudioVersion = 10.0.40219.1
Project("{FAE04EC0-301F-11D3-BF4B-00C04F79EFBC}") = "KutuphaneYonetimSistemi", "KutuphaneYonetimSistemi.csproj", "{89AC12E0-B739-4393-94D9-A850921B1E26}"
EndProject
Global
	GlobalSection(SolutionConfigurationPlatforms) = preSolution
		Debug|Any CPU = Debug|Any CPU
		Release|Any CPU = Release|Any CPU
	EndGlobalSection
	GlobalSection(ProjectConfigurationPlatforms) = postSolution
		{89AC12E0-B739-4393-94D9-A850921B1E26}.Debug|Any CPU.ActiveCfg = Debug|Any CPU
		{89AC12E0-B739-4393-94D9-A850921B1E26}.Debug|Any CPU.Build.0 = Debug|Any CPU
		{89AC12E0-B739-4393-94D9-A850921B1E26}.Release|Any CPU.ActiveCfg = Release|Any CPU
		{89AC12E0-B739-4393-94D9-A850921B1E26}.Release|Any CPU.Build.0 = Release|Any CPU
	EndGlobalSection
	GlobalSection(SolutionProperties) = preSolution
		HideSolutionNode = FALSE
	EndGlobalSection
	GlobalSection(ExtensibilityGlobals) = postSolution
		SolutionGuid = {B62B6256-8AA9-4565-8F09-BA65F6DC054B}
	EndGlobalSection
EndGlobal
